
Microsoft Visual Studio Solution File, Format Version 12.00
Project("{FAE04EC0-301F-11D3-BF4B-00C04F79EFBC}") = "OrdersPortal", "OrdersPortal.csproj", "{D0763D6A-80D5-4E0B-B551-F919BF217464}"
EndProject
Global
	GlobalSection(SolutionConfigurationPlatforms) = preSolution
		Debug|Any CPU = Debug|Any CPU
		Release|Any CPU = Release|Any CPU
	EndGlobalSection
	GlobalSection(ProjectConfigurationPlatforms) = postSolution
		{D0763D6A-80D5-4E0B-B551-F919BF217464}.Debug|Any CPU.ActiveCfg = Debug|Any CPU
		{D0763D6A-80D5-4E0B-B551-F919BF217464}.Debug|Any CPU.Build.0 = Debug|Any CPU
		{D0763D6A-80D5-4E0B-B551-F919BF217464}.Release|Any CPU.ActiveCfg = Release|Any CPU
		{D0763D6A-80D5-4E0B-B551-F919BF217464}.Release|Any CPU.Build.0 = Release|Any CPU
	EndGlobalSection
EndGlobal
